
Microsoft Visual Studio Solution File, Format Version 12.00
# Visual Studio Version 16
VisualStudioVersion = 16.0.29806.167
MinimumVisualStudioVersion = 10.0.40219.1
Project("{9A19103F-16F7-4668-BE54-9A1E7A4F7556}") = "dropShippingApp", "dropShippingApp\dropShippingApp.csproj", "{2B8E851D-2FCE-4186-A93C-DC70CE7E67EC}"
EndProject
Project("{9A19103F-16F7-4668-BE54-9A1E7A4F7556}") = "UnitTests", "..\..\..\..\Downloads\Direct-Kick-Soccer-master\Direct-Kick-Soccer-master\UnitTests\UnitTests.csproj", "{32BA36B8-96D9-484D-92BB-274EF344D5E3}"
EndProject
Global
	GlobalSection(SolutionConfigurationPlatforms) = preSolution
		Debug|Any CPU = Debug|Any CPU
		Release|Any CPU = Release|Any CPU
	EndGlobalSection
	GlobalSection(ProjectConfigurationPlatforms) = postSolution
		{2B8E851D-2FCE-4186-A93C-DC70CE7E67EC}.Debug|Any CPU.ActiveCfg = Debug|Any CPU
		{2B8E851D-2FCE-4186-A93C-DC70CE7E67EC}.Debug|Any CPU.Build.0 = Debug|Any CPU
		{2B8E851D-2FCE-4186-A93C-DC70CE7E67EC}.Release|Any CPU.ActiveCfg = Release|Any CPU
		{2B8E851D-2FCE-4186-A93C-DC70CE7E67EC}.Release|Any CPU.Build.0 = Release|Any CPU
		{32BA36B8-96D9-484D-92BB-274EF344D5E3}.Debug|Any CPU.ActiveCfg = Debug|Any CPU
		{32BA36B8-96D9-484D-92BB-274EF344D5E3}.Debug|Any CPU.Build.0 = Debug|Any CPU
		{32BA36B8-96D9-484D-92BB-274EF344D5E3}.Release|Any CPU.ActiveCfg = Release|Any CPU
		{32BA36B8-96D9-484D-92BB-274EF344D5E3}.Release|Any CPU.Build.0 = Release|Any CPU
	EndGlobalSection
	GlobalSection(SolutionProperties) = preSolution
		HideSolutionNode = FALSE
	EndGlobalSection
	GlobalSection(ExtensibilityGlobals) = postSolution
		SolutionGuid = {5C35D451-CB2A-415B-9AE6-2A642F48C54B}
	EndGlobalSection
EndGlobal
